PODS:
  - ReSwift (6.1.0)
  - SnapKit (5.6.0)

DEPENDENCIES:
  - ReSwift
  - SnapKit (~> 5.6.0)

SPEC REPOS:
  trunk:
    - ReSwift
    - SnapKit

SPEC CHECKSUMS:
  ReSwift: eab3c01e4279ba81b54a61e4fd6499634d20123a
  SnapKit: e01d52ebb8ddbc333eefe2132acf85c8227d9c25

PODFILE CHECKSUM: e4bb6fb1716f8a29e438fc2a366d867e4a5a4136

COCOAPODS: 1.11.3
